<?xml version="1.0" encoding="utf-8"?>
<Project ToolsVersion="4.0" xmlns="http://schemas.microsoft.com/developer/msbuild/2003">
  <ItemGroup>
    <Filter Include="Source Files">
      <UniqueIdentifier>{4FC737F1-C7A5-4376-A066-2A32D752A2FF}</UniqueIdentifier>
      <Extensions>cpp;c;cc;cxx;c++;cppm;ixx;def;odl;idl;hpj;bat;asm;asmx</Extensions>
    </Filter>
    <Filter Include="Header Files">
      <UniqueIdentifier>{93995380-89BD-4b04-88EB-625FBE52EBFB}</UniqueIdentifier>
      <Extensions>h;hh;hpp;hxx;h++;hm;inl;inc;ipp;xsd</Extensions>
    </Filter>
    <Filter Include="Resource Files">
      <UniqueIdentifier>{67DA6AB6-F800-4c08-8B7A-83BB121AAD01}</UniqueIdentifier>
      <Extensions>rc;ico;cur;bmp;dlg;rc2;rct;bin;rgs;gif;jpg;jpeg;jpe;resx;tiff;tif;png;wav;mfcribbon-ms</Extensions>
    </Filter>
  </ItemGroup>
  <ItemGroup>
    <ClCompile Include="list-SPYAlexander-main\comparable.cpp">
      <Filter>Source Files</Filter>
    </ClCompile>
    <ClCompile Include="list-SPYAlexander-main\dlinkedlist.cpp">
      <Filter>Source Files</Filter>
    </ClCompile>
    <ClCompile Include="list-SPYAlexander-main\integer.cpp">
      <Filter>Source Files</Filter>
    </ClCompile>
    <ClCompile Include="list-SPYAlexander-main\list.cpp">
      <Filter>Source Files</Filter>
    </ClCompile>
    <ClCompile Include="list-SPYAlexander-main\main.cpp">
      <Filter>Source Files</Filter>
    </ClCompile>
    <ClCompile Include="list-SPYAlexander-main\object.cpp">
      <Filter>Source Files</Filter>
    </ClCompile>
    <ClCompile Include="list-SPYAlexander-main\person.cpp">
      <Filter>Source Files</Filter>
    </ClCompile>
    <ClCompile Include="list-SPYAlexander-main\sorted_double_linked_list.cpp">
      <Filter>Source Files</Filter>
    </ClCompile>
    <ClCompile Include="list-SPYAlexander-main\vsarray.cpp">
      <Filter>Source Files</Filter>
    </ClCompile>
  </ItemGroup>
  <ItemGroup>
    <ClInclude Include="list-SPYAlexander-main\comparable.h">
      <Filter>Header Files</Filter>
    </ClInclude>
    <ClInclude Include="list-SPYAlexander-main\dlinkedlist.h">
      <Filter>Header Files</Filter>
    </ClInclude>
    <ClInclude Include="list-SPYAlexander-main\integer.h">
      <Filter>Header Files</Filter>
    </ClInclude>
    <ClInclude Include="list-SPYAlexander-main\list.h">
      <Filter>Header Files</Filter>
    </ClInclude>
    <ClInclude Include="list-SPYAlexander-main\object.h">
      <Filter>Header Files</Filter>
    </ClInclude>
    <ClInclude Include="list-SPYAlexander-main\person.h">
      <Filter>Header Files</Filter>
    </ClInclude>
    <ClInclude Include="list-SPYAlexander-main\sorted_double_linked_list.h">
      <Filter>Header Files</Filter>
    </ClInclude>
    <ClInclude Include="list-SPYAlexander-main\vsarray.h">
      <Filter>Header Files</Filter>
    </ClInclude>
  </ItemGroup>
  <ItemGroup>
    <None Include="list-SPYAlexander-main\makefile" />
    <None Include="list-SPYAlexander-main\README.md" />
  </ItemGroup>
</Project>